github.com/gorilla/mux v1.8.0 h1:i40aqfkR1h2SlN9hojwV5ZA91wcXFOvkdNIeFDP5koI=
github.com/gorilla/mux v1.8.0/go.mod h1:DVbg23sWSpFRCP0SfiEN6jmj59UnW/n46BH5rLB71So=
github.com/rimiti/kill-port v1.0.0 h1:17btNN/kJodvnlJu3DSpmZ9aDL7Pn1w0Zjnla2bDZAQ=
github.com/rimiti/kill-port v1.0.0/go.mod h1:cNUbO2HCq/FpUooX+VnUWAE3VLEiuEM/pNAEMpy7dso=
